
Microsoft Visual Studio Solution File, Format Version 12.00
# Visual Studio Version 16
VisualStudioVersion = 16.0.30320.27
MinimumVisualStudioVersion = 10.0.40219.1
Project("{FAE04EC0-301F-11D3-BF4B-00C04F79EFBC}") = "Excel转置", "Excel转置\Excel转置.csproj", "{3D0CB5DF-7E13-4D4E-812B-92E988C038A8}"
EndProject
Global
	GlobalSection(SolutionConfigurationPlatforms) = preSolution
		Debug|Any CPU = Debug|Any CPU
		Release|Any CPU = Release|Any CPU
	EndGlobalSection
	GlobalSection(ProjectConfigurationPlatforms) = postSolution
		{3D0CB5DF-7E13-4D4E-812B-92E988C038A8}.Debug|Any CPU.ActiveCfg = Debug|Any CPU
		{3D0CB5DF-7E13-4D4E-812B-92E988C038A8}.Debug|Any CPU.Build.0 = Debug|Any CPU
		{3D0CB5DF-7E13-4D4E-812B-92E988C038A8}.Release|Any CPU.ActiveCfg = Release|Any CPU
		{3D0CB5DF-7E13-4D4E-812B-92E988C038A8}.Release|Any CPU.Build.0 = Release|Any CPU
	EndGlobalSection
	GlobalSection(SolutionProperties) = preSolution
		HideSolutionNode = FALSE
	EndGlobalSection
	GlobalSection(ExtensibilityGlobals) = postSolution
		SolutionGuid = {E33D7FCD-80E1-49C8-AD2E-2E44BDD30228}
	EndGlobalSection
EndGlobal
